
Microsoft Visual Studio Solution File, Format Version 12.00
# Visual Studio 2012
Project("{FAE04EC0-301F-11D3-BF4B-00C04F79EFBC}") = "webApiClient", "webApiClient\webApiClient.csproj", "{6C5ACFD0-55CE-4D07-8120-18B07AB5558A}"
EndProject
Project("{FAE04EC0-301F-11D3-BF4B-00C04F79EFBC}") = "FullContactApi", "FullContactApi\FullContactApi.csproj", "{2E27786D-01A6-4DC4-9244-E0930D0221D8}"
EndProject
Global
	GlobalSection(SolutionConfigurationPlatforms) = preSolution
		Debug|x86 = Debug|x86
		Release|x86 = Release|x86
	EndGlobalSection
	GlobalSection(ProjectConfigurationPlatforms) = postSolution
		{6C5ACFD0-55CE-4D07-8120-18B07AB5558A}.Debug|x86.ActiveCfg = Debug|x86
		{6C5ACFD0-55CE-4D07-8120-18B07AB5558A}.Debug|x86.Build.0 = Debug|x86
		{6C5ACFD0-55CE-4D07-8120-18B07AB5558A}.Release|x86.ActiveCfg = Release|x86
		{6C5ACFD0-55CE-4D07-8120-18B07AB5558A}.Release|x86.Build.0 = Release|x86
		{2E27786D-01A6-4DC4-9244-E0930D0221D8}.Debug|x86.ActiveCfg = Debug|Any CPU
		{2E27786D-01A6-4DC4-9244-E0930D0221D8}.Debug|x86.Build.0 = Debug|Any CPU
		{2E27786D-01A6-4DC4-9244-E0930D0221D8}.Release|x86.ActiveCfg = Release|Any CPU
		{2E27786D-01A6-4DC4-9244-E0930D0221D8}.Release|x86.Build.0 = Release|Any CPU
	EndGlobalSection
EndGlobal
